# This file was autogenerated by Stack.
# You should not edit this file by hand.
# For more information, please see the documentation at:
#   https://docs.haskellstack.org/en/stable/lock_files

packages:
- completed:
    hackage: web3-1.0.1.0@sha256:b997a575bf227e462471b228609624fe0a38a547d055dee87f16461021042ad2,1375
    pantry-tree:
      sha256: 7ebbbe092bf481d6c9a2bd9b0b65ccf58e7ad40c0d96e2349d548f97f7358169
      size: 208
  original:
    hackage: web3-1.0.1.0@sha256:b997a575bf227e462471b228609624fe0a38a547d055dee87f16461021042ad2,1375
- completed:
    hackage: web3-ethereum-1.0.1.0@sha256:522015631b50aaf55ed3383a2c13d06eae80254108138bbf35f430a70b03a06f,5862
    pantry-tree:
      sha256: 24c2c38998a2408ae65f92750ac1a23c1489eed8b1d5ae6d15906db541e7662d
      size: 2543
  original:
    hackage: web3-ethereum-1.0.1.0@sha256:522015631b50aaf55ed3383a2c13d06eae80254108138bbf35f430a70b03a06f,5862
- completed:
    hackage: jsonrpc-tinyclient-1.0.1.0@sha256:e7074a56b008425fa4f806ed58e2fa2e598faa82dce257c46cfe1e711f165259,1629
    pantry-tree:
      sha256: 24ccac1da4a86e4c9ab70568e75f5878c3c1d4e3761617747d7d3b15213a5cba
      size: 237
  original:
    hackage: jsonrpc-tinyclient-1.0.1.0@sha256:e7074a56b008425fa4f806ed58e2fa2e598faa82dce257c46cfe1e711f165259,1629
- completed:
    hackage: memory-hexstring-1.0.1.0@sha256:372ee751d9707868efbc2bdae7b3e9f2a29387c34b0475ca41ee7a13e83c3cf2,1638
    pantry-tree:
      sha256: ca78bfbe06af343553ef618120e5512abc833e102d102e6a80b693630ed652fe
      size: 467
  original:
    hackage: memory-hexstring-1.0.1.0@sha256:372ee751d9707868efbc2bdae7b3e9f2a29387c34b0475ca41ee7a13e83c3cf2,1638
- completed:
    hackage: web3-crypto-1.0.1.0@sha256:d3db8260693b8da80584146919f9a3809a7effb91e28f8d75c28e010973e9497,3896
    pantry-tree:
      sha256: 28e192f0abfde8fafef76acccf18daf166e8db4af8c568adb7f38941babe7fc0
      size: 1403
  original:
    hackage: web3-crypto-1.0.1.0@sha256:d3db8260693b8da80584146919f9a3809a7effb91e28f8d75c28e010973e9497,3896
- completed:
    hackage: web3-solidity-1.0.1.0@sha256:eff20d9b02598044ae78f49cbc4a2c3dc58cfd5ca1b55f42846e28dd83459013,4431
    pantry-tree:
      sha256: d1f15765b33741a50d7f2777127b1c2ff4b10f73884bfe0e3b7c2ab6ff000abf
      size: 1663
  original:
    hackage: web3-solidity-1.0.1.0@sha256:eff20d9b02598044ae78f49cbc4a2c3dc58cfd5ca1b55f42846e28dd83459013,4431
- completed:
    hackage: crypton-0.34@sha256:9e4b50d79d1fba681befa08151db7223d2b4bb72564853e8530e614105d53a1a,14577
    pantry-tree:
      sha256: 85f438e6d328fc2e464c8914a08089ff312044b96ac155a25747512e440e0a12
      size: 23275
  original:
    hackage: crypton-0.34
- completed:
    hackage: aeson-2.0.3.0@sha256:c94c5d4dd46232e6d14c6187a28cd24f45939ccaea7acedfcbbac719bdf1301f,5863
    pantry-tree:
      sha256: 09f13c9a3d4d876c6b932ab2024bd00d3ca9c515bb52ea795a87eaf76e551b68
      size: 38191
  original:
    hackage: aeson-2.0.3.0
- completed:
    hackage: text-1.2.5.0@sha256:92ea31d8b356b7fd62ac862b871dc1e134bd5db462d798313babf6aa6f69aca8,8180
    pantry-tree:
      sha256: 276acbbe2721afc580263cc387f15ce3266426b91e0440084a1b2ebf1838e10f
      size: 7395
  original:
    hackage: text-1.2.5.0
- completed:
    hackage: vector-0.13.2.0@sha256:b736a57b73520d2acf4865e3e2b40030d69782f35f870e376dc717ee2508d81f,8804
    pantry-tree:
      sha256: c3deeb58d3bc9bbe5bf40195666125c9b54f97c13a99fc000452b765acac8626
      size: 4478
  original:
    hackage: vector-0.13.2.0
- completed:
    hackage: bytestring-0.11.4.0@sha256:3d85b671c08fdf6d1c5b329fdf476a588c7a47b07e00cd6fbcb171af22fb1ca1,7722
    pantry-tree:
      sha256: 59617985cef21999a1991cc7aab664ee24802a80a6b90fa8983fad5ec6b83f0d
      size: 4019
  original:
    hackage: bytestring-0.11.4.0
- completed:
    hackage: process-1.6.16.0@sha256:1b9c267e475d4492b80edc1f58d08c458d4a10d17ea95294356443855b125616,2845
    pantry-tree:
      sha256: dc130ef74f0400c0761f53abdbcf16588b568ccbe6d43a584a43846d6da08012
      size: 1545
  original:
    hackage: process-1.6.16.0
- completed:
    hackage: directory-1.3.6.2@sha256:6e5f3e0adfe94483d5754d97d741b7d23a5e085d47176075b1955d4fa78f37aa,2811
    pantry-tree:
      sha256: d57f8cdec2b2ab0a2b9dbf36074c0430a6f1bb5063289b61c1bc682cdf3f17e2
      size: 3433
  original:
    hackage: directory-1.3.6.2
- completed:
    hackage: base16-bytestring-1.0.2.0@sha256:a694e88f9ec9fc79f0b03f233d3fea592b68f70a34aac2ddb5bcaecb6562e2fd,2630
    pantry-tree:
      sha256: cb1cf706d7e993bb333391309017b9ad529a509f275aab191bc85206da7763f5
      size: 595
  original:
    hackage: base16-bytestring-1.0.2.0
- completed:
    hackage: scale-1.0.1.0@sha256:b72014be79e1dfd920f533bd454002cf87b4a6210186e58bb8eb2fcb87af13c2,3337
    pantry-tree:
      sha256: 63c6553d07cf4cd06255922422d8cbc3d2ab1f6c8fc41275a98d2ee7e1f0fa72
      size: 960
  original:
    hackage: scale-1.0.1.0@sha256:b72014be79e1dfd920f533bd454002cf87b4a6210186e58bb8eb2fcb87af13c2,3337
snapshots:
- completed:
    sha256: 5a59b2a405b3aba3c00188453be172b85893cab8ebc352b1ef58b0eae5d248a2
    size: 650475
    url: https://raw.githubusercontent.com/commercialhaskell/stackage-snapshots/master/lts/20/26.yaml
  original: lts-20.26
